// !$*UTF8*$!
{
	archiveVersion = 1;
	classes = {
	};
	objectVersion = 46;
	objects = {

/* Begin PBXBuildFile section */
		4A8E8E751F3C084E006E5953 /* main.m in Sources */ = {isa = PBXBuildFile; fileRef = 4A8E8E741F3C084E006E5953 /* main.m */; };
		4A8E8E781F3C084E006E5953 /* AppDelegate.m in Sources */ = {isa = PBXBuildFile; fileRef = 4A8E8E771F3C084E006E5953 /* AppDelegate.m */; };
		4A8E8E7B1F3C084E006E5953 /* ViewController.m in Sources */ = {isa = PBXBuildFile; fileRef = 4A8E8E7A1F3C084E006E5953 /* ViewController.m */; };
		4A8E8E7E1F3C084E006E5953 /* Main.storyboard in Resources */ = {isa = PBXBuildFile; fileRef = 4A8E8E7C1F3C084E006E5953 /* Main.storyboard */; };
		4A8E8E801F3C084E006E5953 /* Assets.xcassets in Resources */ = {isa = PBXBuildFile; fileRef = 4A8E8E7F1F3C084E006E5953 /* Assets.xcassets */; };
		4A8E8E831F3C084E006E5953 /* LaunchScreen.storyboard in Resources */ = {isa = PBXBuildFile; fileRef = 4A8E8E811F3C084E006E5953 /* LaunchScreen.storyboard */; };
		4A8E8E8E1F3C084E006E5953 /* MonkeyDLuffyTests.m in Sources */ = {isa = PBXBuildFile; fileRef = 4A8E8E8D1F3C084E006E5953 /* MonkeyDLuffyTests.m */; };
		4A8E8E991F3C084E006E5953 /* MonkeyDLuffyUITests.m in Sources */ = {isa = PBXBuildFile; fileRef = 4A8E8E981F3C084E006E5953 /* MonkeyDLuffyUITests.m */; };
/* End PBXBuildFile section */

/* Begin PBXContainerItemProxy section */
		4A8E8E8A1F3C084E006E5953 /* PBXContainerItemProxy */ = {
			isa = PBXContainerItemProxy;
			containerPortal = 4A8E8E681F3C084D006E5953 /* Project object */;
			proxyType = 1;
			remoteGlobalIDString = 4A8E8E6F1F3C084E006E5953;
			remoteInfo = MonkeyDLuffy;
		};
		4A8E8E951F3C084E006E5953 /* PBXContainerItemProxy */ = {
			isa = PBXContainerItemProxy;
			containerPortal = 4A8E8E681F3C084D006E5953 /* Project object */;
			proxyType = 1;
			remoteGlobalIDString = 4A8E8E6F1F3C084E006E5953;
			remoteInfo = MonkeyDLuffy;
		};
/* End PBXContainerItemProxy section */

/* Begin PBXFileReference section */
		4A8E8E701F3C084E006E5953 /* MonkeyDLuffy.app */ = {isa = PBXFileReference; explicitFileType = wrapper.application; includeInIndex = 0; path = MonkeyDLuffy.app; sourceTree = BUILT_PRODUCTS_DIR; };
		4A8E8E741F3C084E006E5953 /* main.m */ = {isa = PBXFileReference; lastKnownFileType = sourcecode.c.objc; path = main.m; sourceTree = "<group>"; };
		4A8E8E761F3C084E006E5953 /* AppDelegate.h */ = {isa = PBXFileReference; lastKnownFileType = sourcecode.c.h; path = AppDelegate.h; sourceTree = "<group>"; };
		4A8E8E771F3C084E006E5953 /* AppDelegate.m */ = {isa = PBXFileReference; lastKnownFileType = sourcecode.c.objc; path = AppDelegate.m; sourceTree = "<group>"; };
		4A8E8E791F3C084E006E5953 /* ViewController.h */ = {isa = PBXFileReference; lastKnownFileType = sourcecode.c.h; path = ViewController.h; sourceTree = "<group>"; };
		4A8E8E7A1F3C084E006E5953 /* ViewController.m */ = {isa = PBXFileReference; lastKnownFileType = sourcecode.c.objc; path = ViewController.m; sourceTree = "<group>"; };
		4A8E8E7D1F3C084E006E5953 /* Base */ = {isa = PBXFileReference; lastKnownFileType = file.storyboard; name = Base; path = Base.lproj/Main.storyboard; sourceTree = "<group>"; };
		4A8E8E7F1F3C084E006E5953 /* Assets.xcassets */ = {isa = PBXFileReference; lastKnownFileType = folder.assetcatalog; path = Assets.xcassets; sourceTree = "<group>"; };
		4A8E8E821F3C084E006E5953 /* Base */ = {isa = PBXFileReference; lastKnownFileType = file.storyboard; name = Base; path = Base.lproj/LaunchScreen.storyboard; sourceTree = "<group>"; };
		4A8E8E841F3C084E006E5953 /* Info.plist */ = {isa = PBXFileReference; lastKnownFileType = text.plist.xml; path = Info.plist; sourceTree = "<group>"; };
		4A8E8E891F3C084E006E5953 /* MonkeyDLuffyTests.xctest */ = {isa = PBXFileReference; explicitFileType = wrapper.cfbundle; includeInIndex = 0; path = MonkeyDLuffyTests.xctest; sourceTree = BUILT_PRODUCTS_DIR; };
		4A8E8E8D1F3C084E006E5953 /* MonkeyDLuffyTests.m */ = {isa = PBXFileReference; lastKnownFileType = sourcecode.c.objc; path = MonkeyDLuffyTests.m; sourceTree = "<group>"; };
		4A8E8E8F1F3C084E006E5953 /* Info.plist */ = {isa = PBXFileReference; lastKnownFileType = text.plist.xml; path = Info.plist; sourceTree = "<group>"; };
		4A8E8E941F3C084E006E5953 /* MonkeyDLuffyUITests.xctest */ = {isa = PBXFileReference; explicitFileType = wrapper.cfbundle; includeInIndex = 0; path = MonkeyDLuffyUITests.xctest; sourceTree = BUILT_PRODUCTS_DIR; };
		4A8E8E981F3C084E006E5953 /* MonkeyDLuffyUITests.m */ = {isa = PBXFileReference; lastKnownFileType = sourcecode.c.objc; path = MonkeyDLuffyUITests.m; sourceTree = "<group>"; };
		4A8E8E9A1F3C084E006E5953 /* Info.plist */ = {isa = PBXFileReference; lastKnownFileType = text.plist.xml; path = Info.plist; sourceTree = "<group>"; };
/* End PBXFileReference section */

/* Begin PBXFrameworksBuildPhase section */
		4A8E8E6D1F3C084E006E5953 /* Frameworks */ = {
			isa = PBXFrameworksBuildPhase;
			buildActionMask = 2147483647;
			files = (
			);
			runOnlyForDeploymentPostprocessing = 0;
		};
		4A8E8E861F3C084E006E5953 /* Frameworks */ = {
			isa = PBXFrameworksBuildPhase;
			buildActionMask = 2147483647;
			files = (
			);
			runOnlyForDeploymentPostprocessing = 0;
		};
		4A8E8E911F3C084E006E5953 /* Frameworks */ = {
			isa = PBXFrameworksBuildPhase;
			buildActionMask = 2147483647;
			files = (
			);
			runOnlyForDeploymentPostprocessing = 0;
		};
/* End PBXFrameworksBuildPhase section */

/* Begin PBXGroup section */
		4A8E8E671F3C084D006E5953 = {
			isa = PBXGroup;
			children = (
				4A8E8E721F3C084E006E5953 /* MonkeyDLuffy */,
				4A8E8E8C1F3C084E006E5953 /* MonkeyDLuffyTests */,
				4A8E8E971F3C084E006E5953 /* MonkeyDLuffyUITests */,
				4A8E8E711F3C084E006E5953 /* Products */,
			);
			sourceTree = "<group>";
		};
		4A8E8E711F3C084E006E5953 /* Products */ = {
			isa = PBXGroup;
			children = (
				4A8E8E701F3C084E006E5953 /* MonkeyDLuffy.app */,
				4A8E8E891F3C084E006E5953 /* MonkeyDLuffyTests.xctest */,
				4A8E8E941F3C084E006E5953 /* MonkeyDLuffyUITests.xctest */,
			);
			name = Products;
			sourceTree = "<group>";
		};
		4A8E8E721F3C084E006E5953 /* MonkeyDLuffy */ = {
			isa = PBXGroup;
			children = (
				4A8E8E761F3C084E006E5953 /* AppDelegate.h */,
				4A8E8E771F3C084E006E5953 /* AppDelegate.m */,
				4A8E8E791F3C084E006E5953 /* ViewController.h */,
				4A8E8E7A1F3C084E006E5953 /* ViewController.m */,
				4A8E8E7C1F3C084E006E5953 /* Main.storyboard */,
				4A8E8E7F1F3C084E006E5953 /* Assets.xcassets */,
				4A8E8E811F3C084E006E5953 /* LaunchScreen.storyboard */,
				4A8E8E841F3C084E006E5953 /* Info.plist */,
				4A8E8E731F3C084E006E5953 /* Supporting Files */,
			);
			path = MonkeyDLuffy;
			sourceTree = "<group>";
		};
		4A8E8E731F3C084E006E5953 /* Supporting Files */ = {
			isa = PBXGroup;
			children = (
				4A8E8E741F3C084E006E5953 /* main.m */,
			);
			name = "Supporting Files";
			sourceTree = "<group>";
		};
		4A8E8E8C1F3C084E006E5953 /* MonkeyDLuffyTests */ = {
			isa = PBXGroup;
			children = (
				4A8E8E8D1F3C084E006E5953 /* MonkeyDLuffyTests.m */,
				4A8E8E8F1F3C084E006E5953 /* Info.plist */,
			);
			path = MonkeyDLuffyTests;
			sourceTree = "<group>";
		};
		4A8E8E971F3C084E006E5953 /* MonkeyDLuffyUITests */ = {
			isa = PBXGroup;
			children = (
				4A8E8E981F3C084E006E5953 /* MonkeyDLuffyUITests.m */,
				4A8E8E9A1F3C084E006E5953 /* Info.plist */,
			);
			path = MonkeyDLuffyUITests;
			sourceTree = "<group>";
		};
/* End PBXGroup section */

/* Begin PBXNativeTarget section */
		4A8E8E6F1F3C084E006E5953 /* MonkeyDLuffy */ = {
			isa = PBXNativeTarget;
			buildConfigurationList = 4A8E8E9D1F3C084E006E5953 /* Build configuration list for PBXNativeTarget "MonkeyDLuffy" */;
			buildPhases = (
				4A8E8E6C1F3C084E006E5953 /* Sources */,
				4A8E8E6D1F3C084E006E5953 /* Frameworks */,
				4A8E8E6E1F3C084E006E5953 /* Resources */,
			);
			buildRules = (
			);
			dependencies = (
			);
			name = MonkeyDLuffy;
			productName = MonkeyDLuffy;
			productReference = 4A8E8E701F3C084E006E5953 /* MonkeyDLuffy.app */;
			productType = "com.apple.product-type.application";
		};
		4A8E8E881F3C084E006E5953 /* MonkeyDLuffyTests */ = {
			isa = PBXNativeTarget;
			buildConfigurationList = 4A8E8EA01F3C084E006E5953 /* Build configuration list for PBXNativeTarget "MonkeyDLuffyTests" */;
			buildPhases = (
				4A8E8E851F3C084E006E5953 /* Sources */,
				4A8E8E861F3C084E006E5953 /* Frameworks */,
				4A8E8E871F3C084E006E5953 /* Resources */,
			);
			buildRules = (
			);
			dependencies = (
				4A8E8E8B1F3C084E006E5953 /* PBXTargetDependency */,
			);
			name = MonkeyDLuffyTests;
			productName = MonkeyDLuffyTests;
			productReference = 4A8E8E891F3C084E006E5953 /* MonkeyDLuffyTests.xctest */;
			productType = "com.apple.product-type.bundle.unit-test";
		};
		4A8E8E931F3C084E006E5953 /* MonkeyDLuffyUITests */ = {
			isa = PBXNativeTarget;
			buildConfigurationList = 4A8E8EA31F3C084E006E5953 /* Build configuration list for PBXNativeTarget "MonkeyDLuffyUITests" */;
			buildPhases = (
				4A8E8E901F3C084E006E5953 /* Sources */,
				4A8E8E911F3C084E006E5953 /* Frameworks */,
				4A8E8E921F3C084E006E5953 /* Resources */,
			);
			buildRules = (
			);
			dependencies = (
				4A8E8E961F3C084E006E5953 /* PBXTargetDependency */,
			);
			name = MonkeyDLuffyUITests;
			productName = MonkeyDLuffyUITests;
			productReference = 4A8E8E941F3C084E006E5953 /* MonkeyDLuffyUITests.xctest */;
			productType = "com.apple.product-type.bundle.ui-testing";
		};
/* End PBXNativeTarget section */

/* Begin PBXProject section */
		4A8E8E681F3C084D006E5953 /* Project object */ = {
			isa = PBXProject;
			attributes = {
				LastUpgradeCheck = 0830;
				ORGANIZATIONNAME = Duanww;
				TargetAttributes = {
					4A8E8E6F1F3C084E006E5953 = {
						CreatedOnToolsVersion = 8.3.3;
						DevelopmentTeam = 59B8QAXTFE;
						ProvisioningStyle = Automatic;
					};
					4A8E8E881F3C084E006E5953 = {
						CreatedOnToolsVersion = 8.3.3;
						DevelopmentTeam = 59B8QAXTFE;
						ProvisioningStyle = Automatic;
						TestTargetID = 4A8E8E6F1F3C084E006E5953;
					};
					4A8E8E931F3C084E006E5953 = {
						CreatedOnToolsVersion = 8.3.3;
						DevelopmentTeam = 59B8QAXTFE;
						ProvisioningStyle = Automatic;
						TestTargetID = 4A8E8E6F1F3C084E006E5953;
					};
				};
			};
			buildConfigurationList = 4A8E8E6B1F3C084D006E5953 /* Build configuration list for PBXProject "MonkeyDLuffy" */;
			compatibilityVersion = "Xcode 3.2";
			developmentRegion = English;
			hasScannedForEncodings = 0;
			knownRegions = (
				en,
				Base,
			);
			mainGroup = 4A8E8E671F3C084D006E5953;
			productRefGroup = 4A8E8E711F3C084E006E5953 /* Products */;
			projectDirPath = "";
			projectRoot = "";
			targets = (
				4A8E8E6F1F3C084E006E5953 /* MonkeyDLuffy */,
				4A8E8E881F3C084E006E5953 /* MonkeyDLuffyTests */,
				4A8E8E931F3C084E006E5953 /* MonkeyDLuffyUITests */,
			);
		};
/* End PBXProject section */

/* Begin PBXResourcesBuildPhase section */
		4A8E8E6E1F3C084E006E5953 /* Resources */ = {
			isa = PBXResourcesBuildPhase;
			buildActionMask = 2147483647;
			files = (
				4A8E8E831F3C084E006E5953 /* LaunchScreen.storyboard in Resources */,
				4A8E8E801F3C084E006E5953 /* Assets.xcassets in Resources */,
				4A8E8E7E1F3C084E006E5953 /* Main.storyboard in Resources */,
			);
			runOnlyForDeploymentPostprocessing = 0;
		};
		4A8E8E871F3C084E006E5953 /* Resources */ = {
			isa = PBXResourcesBuildPhase;
			buildActionMask = 2147483647;
			files = (
			);
			runOnlyForDeploymentPostprocessing = 0;
		};
		4A8E8E921F3C084E006E5953 /* Resources */ = {
			isa = PBXResourcesBuildPhase;
			buildActionMask = 2147483647;
			files = (
			);
			runOnlyForDeploymentPostprocessing = 0;
		};
/* End PBXResourcesBuildPhase section */

/* Begin PBXSourcesBuildPhase section */
		4A8E8E6C1F3C084E006E5953 /* Sources */ = {
			isa = PBXSourcesBuildPhase;
			buildActionMask = 2147483647;
			files = (
				4A8E8E7B1F3C084E006E5953 /* ViewController.m in Sources */,
				4A8E8E781F3C084E006E5953 /* AppDelegate.m in Sources */,
				4A8E8E751F3C084E006E5953 /* main.m in Sources */,
			);
			runOnlyForDeploymentPostprocessing = 0;
		};
		4A8E8E851F3C084E006E5953 /* Sources */ = {
			isa = PBXSourcesBuildPhase;
			buildActionMask = 2147483647;
			files = (
				4A8E8E8E1F3C084E006E5953 /* MonkeyDLuffyTests.m in Sources */,
			);
			runOnlyForDeploymentPostprocessing = 0;
		};
		4A8E8E901F3C084E006E5953 /* Sources */ = {
			isa = PBXSourcesBuildPhase;
			buildActionMask = 2147483647;
			files = (
				4A8E8E991F3C084E006E5953 /* MonkeyDLuffyUITests.m in Sources */,
			);
			runOnlyForDeploymentPostprocessing = 0;
		};
/* End PBXSourcesBuildPhase section */

/* Begin PBXTargetDependency section */
		4A8E8E8B1F3C084E006E5953 /* PBXTargetDependency */ = {
			isa = PBXTargetDependency;
			target = 4A8E8E6F1F3C084E006E5953 /* MonkeyDLuffy */;
			targetProxy = 4A8E8E8A1F3C084E006E5953 /* PBXContainerItemProxy */;
		};
		4A8E8E961F3C084E006E5953 /* PBXTargetDependency */ = {
			isa = PBXTargetDependency;
			target = 4A8E8E6F1F3C084E006E5953 /* MonkeyDLuffy */;
			targetProxy = 4A8E8E951F3C084E006E5953 /* PBXContainerItemProxy */;
		};
/* End PBXTargetDependency section */

/* Begin PBXVariantGroup section */
		4A8E8E7C1F3C084E006E5953 /* Main.storyboard */ = {
			isa = PBXVariantGroup;
			children = (
				4A8E8E7D1F3C084E006E5953 /* Base */,
			);
			name = Main.storyboard;
			sourceTree = "<group>";
		};
		4A8E8E811F3C084E006E5953 /* LaunchScreen.storyboard */ = {
			isa = PBXVariantGroup;
			children = (
				4A8E8E821F3C084E006E5953 /* Base */,
			);
			name = LaunchScreen.storyboard;
			sourceTree = "<group>";
		};
/* End PBXVariantGroup section */

/* Begin XCBuildConfiguration section */
		4A8E8E9B1F3C084E006E5953 /* Debug */ = {
			isa = XCBuildConfiguration;
			buildSettings = {
				ALWAYS_SEARCH_USER_PATHS = NO;
				CLANG_ANALYZER_NONNULL = YES;
				CLANG_ANALYZER_NUMBER_OBJECT_CONVERSION = YES_AGGRESSIVE;
				CLANG_CXX_LANGUAGE_STANDARD = "gnu++0x";
				CLANG_CXX_LIBRARY = "libc++";
				CLANG_ENABLE_MODULES = YES;
				CLANG_ENABLE_OBJC_ARC = YES;
				CLANG_WARN_BOOL_CONVERSION = YES;
				CLANG_WARN_CONSTANT_CONVERSION = YES;
				CLANG_WARN_DIRECT_OBJC_ISA_USAGE = YES_ERROR;
				CLANG_WARN_DOCUMENTATION_COMMENTS = YES;
				CLANG_WARN_EMPTY_BODY = YES;
				CLANG_WARN_ENUM_CONVERSION = YES;
				CLANG_WARN_INFINITE_RECURSION = YES;
				CLANG_WARN_INT_CONVERSION = YES;
				CLANG_WARN_OBJC_ROOT_CLASS = YES_ERROR;
				CLANG_WARN_SUSPICIOUS_MOVE = YES;
				CLANG_WARN_UNREACHABLE_CODE = YES;
				CLANG_WARN__DUPLICATE_METHOD_MATCH = YES;
				"CODE_SIGN_IDENTITY[sdk=iphoneos*]" = "iPhone Developer";
				COPY_PHASE_STRIP = NO;
				DEBUG_INFORMATION_FORMAT = dwarf;
				ENABLE_STRICT_OBJC_MSGSEND = YES;
				ENABLE_TESTABILITY = YES;
				GCC_C_LANGUAGE_STANDARD = gnu99;
				GCC_DYNAMIC_NO_PIC = NO;
				GCC_NO_COMMON_BLOCKS = YES;
				GCC_OPTIMIZATION_LEVEL = 0;
				GCC_PREPROCESSOR_DEFINITIONS = (
					"DEBUG=1",
					"$(inherited)",
				);
				GCC_WARN_64_TO_32_BIT_CONVERSION = YES;
				GCC_WARN_ABOUT_RETURN_TYPE = YES_ERROR;
				GCC_WARN_UNDECLARED_SELECTOR = YES;
				GCC_WARN_UNINITIALIZED_AUTOS = YES_AGGRESSIVE;
				GCC_WARN_UNUSED_FUNCTION = YES;
				GCC_WARN_UNUSED_VARIABLE = YES;
				IPHONEOS_DEPLOYMENT_TARGET = 10.3;
				MTL_ENABLE_DEBUG_INFO = YES;
				ONLY_ACTIVE_ARCH = YES;
				SDKROOT = iphoneos;
				TARGETED_DEVICE_FAMILY = "1,2";
			};
			name = Debug;
		};
		4A8E8E9C1F3C084E006E5953 /* Release */ = {
			isa = XCBuildConfiguration;
			buildSettings = {
				ALWAYS_SEARCH_USER_PATHS = NO;
				CLANG_ANALYZER_NONNULL = YES;
				CLANG_ANALYZER_NUMBER_OBJECT_CONVERSION = YES_AGGRESSIVE;
				CLANG_CXX_LANGUAGE_STANDARD = "gnu++0x";
				CLANG_CXX_LIBRARY = "libc++";
				CLANG_ENABLE_MODULES = YES;
				CLANG_ENABLE_OBJC_ARC = YES;
				CLANG_WARN_BOOL_CONVERSION = YES;
				CLANG_WARN_CONSTANT_CONVERSION = YES;
				CLANG_WARN_DIRECT_OBJC_ISA_USAGE = YES_ERROR;
				CLANG_WARN_DOCUMENTATION_COMMENTS = YES;
				CLANG_WARN_EMPTY_BODY = YES;
				CLANG_WARN_ENUM_CONVERSION = YES;
				CLANG_WARN_INFINITE_RECURSION = YES;
				CLANG_WARN_INT_CONVERSION = YES;
				CLANG_WARN_OBJC_ROOT_CLASS = YES_ERROR;
				CLANG_WARN_SUSPICIOUS_MOVE = YES;
				CLANG_WARN_UNREACHABLE_CODE = YES;
				CLANG_WARN__DUPLICATE_METHOD_MATCH = YES;
				"CODE_SIGN_IDENTITY[sdk=iphoneos*]" = "iPhone Developer";
				COPY_PHASE_STRIP = NO;
				DEBUG_INFORMATION_FORMAT = "dwarf-with-dsym";
				ENABLE_NS_ASSERTIONS = NO;
				ENABLE_STRICT_OBJC_MSGSEND = YES;
				GCC_C_LANGUAGE_STANDARD = gnu99;
				GCC_NO_COMMON_BLOCKS = YES;
				GCC_WARN_64_TO_32_BIT_CONVERSION = YES;
				GCC_WARN_ABOUT_RETURN_TYPE = YES_ERROR;
				GCC_WARN_UNDECLARED_SELECTOR = YES;
				GCC_WARN_UNINITIALIZED_AUTOS = YES_AGGRESSIVE;
				GCC_WARN_UNUSED_FUNCTION = YES;
				GCC_WARN_UNUSED_VARIABLE = YES;
				IPHONEOS_DEPLOYMENT_TARGET = 10.3;
				MTL_ENABLE_DEBUG_INFO = NO;
				SDKROOT = iphoneos;
				TARGETED_DEVICE_FAMILY = "1,2";
				VALIDATE_PRODUCT = YES;
			};
			name = Release;
		};
		4A8E8E9E1F3C084E006E5953 /* Debug */ = {
			isa = XCBuildConfiguration;
			buildSettings = {
				ASSETCATALOG_COMPILER_APPICON_NAME = AppIcon;
				DEVELOPMENT_TEAM = 59B8QAXTFE;
				INFOPLIST_FILE = MonkeyDLuffy/Info.plist;
				LD_RUNPATH_SEARCH_PATHS = "$(inherited) @executable_path/Frameworks";
				PRODUCT_BUNDLE_IDENTIFIER = com.duan.MonkeyDLuffy;
				PRODUCT_NAME = "$(TARGET_NAME)";
			};
			name = Debug;
		};
		4A8E8E9F1F3C084E006E5953 /* Release */ = {
			isa = XCBuildConfiguration;
			buildSettings = {
				ASSETCATALOG_COMPILER_APPICON_NAME = AppIcon;
				DEVELOPMENT_TEAM = 59B8QAXTFE;
				INFOPLIST_FILE = MonkeyDLuffy/Info.plist;
				LD_RUNPATH_SEARCH_PATHS = "$(inherited) @executable_path/Frameworks";
				PRODUCT_BUNDLE_IDENTIFIER = com.duan.MonkeyDLuffy;
				PRODUCT_NAME = "$(TARGET_NAME)";
			};
			name = Release;
		};
		4A8E8EA11F3C084E006E5953 /* Debug */ = {
			isa = XCBuildConfiguration;
			buildSettings = {
				BUNDLE_LOADER = "$(TEST_HOST)";
				DEVELOPMENT_TEAM = 59B8QAXTFE;
				INFOPLIST_FILE = MonkeyDLuffyTests/Info.plist;
				LD_RUNPATH_SEARCH_PATHS = "$(inherited) @executable_path/Frameworks @loader_path/Frameworks";
				PRODUCT_BUNDLE_IDENTIFIER = com.duan.MonkeyDLuffyTests;
				PRODUCT_NAME = "$(TARGET_NAME)";
				TEST_HOST = "$(BUILT_PRODUCTS_DIR)/MonkeyDLuffy.app/MonkeyDLuffy";
			};
			name = Debug;
		};
		4A8E8EA21F3C084E006E5953 /* Release */ = {
			isa = XCBuildConfiguration;
			buildSettings = {
				BUNDLE_LOADER = "$(TEST_HOST)";
				DEVELOPMENT_TEAM = 59B8QAXTFE;
				INFOPLIST_FILE = MonkeyDLuffyTests/Info.plist;
				LD_RUNPATH_SEARCH_PATHS = "$(inherited) @executable_path/Frameworks @loader_path/Frameworks";
				PRODUCT_BUNDLE_IDENTIFIER = com.duan.MonkeyDLuffyTests;
				PRODUCT_NAME = "$(TARGET_NAME)";
				TEST_HOST = "$(BUILT_PRODUCTS_DIR)/MonkeyDLuffy.app/MonkeyDLuffy";
			};
			name = Release;
		};
		4A8E8EA41F3C084E006E5953 /* Debug */ = {
			isa = XCBuildConfiguration;
			buildSettings = {
				DEVELOPMENT_TEAM = 59B8QAXTFE;
				INFOPLIST_FILE = MonkeyDLuffyUITests/Info.plist;
				LD_RUNPATH_SEARCH_PATHS = "$(inherited) @executable_path/Frameworks @loader_path/Frameworks";
				PRODUCT_BUNDLE_IDENTIFIER = com.duan.MonkeyDLuffyUITests;
				PRODUCT_NAME = "$(TARGET_NAME)";
				TEST_TARGET_NAME = MonkeyDLuffy;
			};
			name = Debug;
		};
		4A8E8EA51F3C084E006E5953 /* Release */ = {
			isa = XCBuildConfiguration;
			buildSettings = {
				DEVELOPMENT_TEAM = 59B8QAXTFE;
				INFOPLIST_FILE = MonkeyDLuffyUITests/Info.plist;
				LD_RUNPATH_SEARCH_PATHS = "$(inherited) @executable_path/Frameworks @loader_path/Frameworks";
				PRODUCT_BUNDLE_IDENTIFIER = com.duan.MonkeyDLuffyUITests;
				PRODUCT_NAME = "$(TARGET_NAME)";
				TEST_TARGET_NAME = MonkeyDLuffy;
			};
			name = Release;
		};
/* End XCBuildConfiguration section */

/* Begin XCConfigurationList section */
		4A8E8E6B1F3C084D006E5953 /* Build configuration list for PBXProject "MonkeyDLuffy" */ = {
			isa = XCConfigurationList;
			buildConfigurations = (
				4A8E8E9B1F3C084E006E5953 /* Debug */,
				4A8E8E9C1F3C084E006E5953 /* Release */,
			);
			defaultConfigurationIsVisible = 0;
			defaultConfigurationName = Release;
		};
		4A8E8E9D1F3C084E006E5953 /* Build configuration list for PBXNativeTarget "MonkeyDLuffy" */ = {
			isa = XCConfigurationList;
			buildConfigurations = (
				4A8E8E9E1F3C084E006E5953 /* Debug */,
				4A8E8E9F1F3C084E006E5953 /* Release */,
			);
			defaultConfigurationIsVisible = 0;
		};
		4A8E8EA01F3C084E006E5953 /* Build configuration list for PBXNativeTarget "MonkeyDLuffyTests" */ = {
			isa = XCConfigurationList;
			buildConfigurations = (
				4A8E8EA11F3C084E006E5953 /* Debug */,
				4A8E8EA21F3C084E006E5953 /* Release */,
			);
			defaultConfigurationIsVisible = 0;
		};
		4A8E8EA31F3C084E006E5953 /* Build configuration list for PBXNativeTarget "MonkeyDLuffyUITests" */ = {
			isa = XCConfigurationList;
			buildConfigurations = (
				4A8E8EA41F3C084E006E5953 /* Debug */,
				4A8E8EA51F3C084E006E5953 /* Release */,
			);
			defaultConfigurationIsVisible = 0;
		};
/* End XCConfigurationList section */
	};
	rootObject = 4A8E8E681F3C084D006E5953 /* Project object */;
}
