PODS:
  - AFNetworking (3.1.0):
    - AFNetworking/NSURLSession (= 3.1.0)
    - AFNetworking/Reachability (= 3.1.0)
    - AFNetworking/Security (= 3.1.0)
    - AFNetworking/Serialization (= 3.1.0)
    - AFNetworking/UIKit (= 3.1.0)
  - AFNetworking/NSURLSession (3.1.0):
    - AFNetworking/Reachability
    - AFNetworking/Security
    - AFNetworking/Serialization
  - AFNetworking/Reachability (3.1.0)
  - AFNetworking/Security (3.1.0)
  - AFNetworking/Serialization (3.1.0)
  - AFNetworking/UIKit (3.1.0):
    - AFNetworking/NSURLSession
  - Aspects (1.4.1)
  - BeeHive (1.5.1)
  - CocoaAsyncSocket (7.6.1)
  - JKCategories (1.5)
  - JSONModel (1.7.0)
  - ReactiveObjC (3.0.0)
  - SAMKeychain (1.5.2)
  - UITableView+FDTemplateLayoutCell (1.6)

DEPENDENCIES:
  - AFNetworking (~> 3.1.0)
  - Aspects (~> 1.4.1)
  - BeeHive (~> 1.5.1)
  - CocoaAsyncSocket (~> 7.6.1)
  - JKCategories (~> 1.5)
  - JSONModel (~> 1.7.0)
  - ReactiveObjC (~> 3.0.0)
  - SAMKeychain (~> 1.5.2)
  - UITableView+FDTemplateLayoutCell (~> 1.6)

SPEC CHECKSUMS:
  AFNetworking: 5e0e199f73d8626b11e79750991f5d173d1f8b67
  Aspects: 7595ba96a6727a58ebcbfc954497fc5d2fdde546
  BeeHive: b135a33b3519814ec5d117318d205e10c997450f
  CocoaAsyncSocket: 7eadd3f59e1a6c84e2aefc93e9ff7b55156fe174
  JKCategories: 863f4c7ed2d521ee6bf72ceea97948da23bb5af4
  JSONModel: 840bc0fcffb24b8454d2c026bf26fea454b8e98d
  ReactiveObjC: ce79989e8684b9086b5f8d0c74bc7b81a8729c9e
  SAMKeychain: 1865333198217411f35327e8da61b43de79b635b
  UITableView+FDTemplateLayoutCell: 5c949b4a5059c404b442926c0e80f81d10a2d66f

PODFILE CHECKSUM: 32ab6f9918fd48eec0a21c9f77dbae530fffd704

COCOAPODS: 1.4.0
